Microsoft Visual Studio Solution File, Format Version 8.00
Project("{8BC9CEB8-8B4A-11D0-8D11-00A0C91BC942}") = "SubstringFinder", "SubstringFinder.vcproj", "{09498899-D5F8-4F31-8F1A-00187CCC300C}"
	ProjectSection(ProjectDependencies) = postProject
	EndProjectSection
EndProject
Global
	GlobalSection(SolutionConfiguration) = preSolution
		Debug = Debug
		Release = Release
	EndGlobalSection
	GlobalSection(ProjectConfiguration) = postSolution
		{09498899-D5F8-4F31-8F1A-00187CCC300C}.Debug.ActiveCfg = Debug|Win32
		{09498899-D5F8-4F31-8F1A-00187CCC300C}.Debug.Build.0 = Debug|Win32
		{09498899-D5F8-4F31-8F1A-00187CCC300C}.Release.ActiveCfg = Release|Win32
		{09498899-D5F8-4F31-8F1A-00187CCC300C}.Release.Build.0 = Release|Win32
	EndGlobalSection
	GlobalSection(ExtensibilityGlobals) = postSolution
	EndGlobalSection
	GlobalSection(ExtensibilityAddIns) = postSolution
	EndGlobalSection
EndGlobal
