Microsoft Visual Studio Solution File, Format Version 8.00
Project("{8BC9CEB8-8B4A-11D0-8D11-00A0C91BC942}") = "Strassen", "Strassen.vcproj", "{C34156E0-685B-4FF4-A7FE-443194238816}"
	ProjectSection(ProjectDependencies) = postProject
	EndProjectSection
EndProject
Global
	GlobalSection(SolutionConfiguration) = preSolution
		Debug = Debug
		Release = Release
	EndGlobalSection
	GlobalSection(ProjectConfiguration) = postSolution
		{C34156E0-685B-4FF4-A7FE-443194238816}.Debug.ActiveCfg = Debug|Win32
		{C34156E0-685B-4FF4-A7FE-443194238816}.Debug.Build.0 = Debug|Win32
		{C34156E0-685B-4FF4-A7FE-443194238816}.Release.ActiveCfg = Release|Win32
		{C34156E0-685B-4FF4-A7FE-443194238816}.Release.Build.0 = Release|Win32
	EndGlobalSection
	GlobalSection(ExtensibilityGlobals) = postSolution
	EndGlobalSection
	GlobalSection(ExtensibilityAddIns) = postSolution
	EndGlobalSection
EndGlobal
